
Microsoft Visual Studio Solution File, Format Version 12.00
# Visual Studio Version 16
VisualStudioVersion = 16.0.30204.135
MinimumVisualStudioVersion = 10.0.40219.1
Project("{FAE04EC0-301F-11D3-BF4B-00C04F79EFBC}") = "Validacija.Server", "Validacija\Server\Validacija.Server.csproj", "{14D4E18A-4853-4121-8F74-3233ACB49C28}"
EndProject
Project("{FAE04EC0-301F-11D3-BF4B-00C04F79EFBC}") = "Validacija.Client", "Validacija\Client\Validacija.Client.csproj", "{D381BD58-F858-4692-B5BC-1CC933C5F2B2}"
EndProject
Project("{FAE04EC0-301F-11D3-BF4B-00C04F79EFBC}") = "Validacija.Shared", "Validacija\Shared\Validacija.Shared.csproj", "{FE3B9C86-6D6E-4CB0-902A-5867E0B01084}"
EndProject
Global
	GlobalSection(SolutionConfigurationPlatforms) = preSolution
		Debug|Any CPU = Debug|Any CPU
		Release|Any CPU = Release|Any CPU
	EndGlobalSection
	GlobalSection(ProjectConfigurationPlatforms) = postSolution
		{14D4E18A-4853-4121-8F74-3233ACB49C28}.Debug|Any CPU.ActiveCfg = Debug|Any CPU
		{14D4E18A-4853-4121-8F74-3233ACB49C28}.Debug|Any CPU.Build.0 = Debug|Any CPU
		{14D4E18A-4853-4121-8F74-3233ACB49C28}.Release|Any CPU.ActiveCfg = Release|Any CPU
		{14D4E18A-4853-4121-8F74-3233ACB49C28}.Release|Any CPU.Build.0 = Release|Any CPU
		{D381BD58-F858-4692-B5BC-1CC933C5F2B2}.Debug|Any CPU.ActiveCfg = Debug|Any CPU
		{D381BD58-F858-4692-B5BC-1CC933C5F2B2}.Debug|Any CPU.Build.0 = Debug|Any CPU
		{D381BD58-F858-4692-B5BC-1CC933C5F2B2}.Release|Any CPU.ActiveCfg = Release|Any CPU
		{D381BD58-F858-4692-B5BC-1CC933C5F2B2}.Release|Any CPU.Build.0 = Release|Any CPU
		{FE3B9C86-6D6E-4CB0-902A-5867E0B01084}.Debug|Any CPU.ActiveCfg = Debug|Any CPU
		{FE3B9C86-6D6E-4CB0-902A-5867E0B01084}.Debug|Any CPU.Build.0 = Debug|Any CPU
		{FE3B9C86-6D6E-4CB0-902A-5867E0B01084}.Release|Any CPU.ActiveCfg = Release|Any CPU
		{FE3B9C86-6D6E-4CB0-902A-5867E0B01084}.Release|Any CPU.Build.0 = Release|Any CPU
	EndGlobalSection
	GlobalSection(SolutionProperties) = preSolution
		HideSolutionNode = FALSE
	EndGlobalSection
	GlobalSection(ExtensibilityGlobals) = postSolution
		SolutionGuid = {8D44ADD5-3ED7-45B6-9ACB-D20E33C4E04C}
	EndGlobalSection
EndGlobal
